
Microsoft Visual Studio Solution File, Format Version 12.00
# Visual Studio 15
VisualStudioVersion = 15.0.27130.2024
MinimumVisualStudioVersion = 10.0.40219.1
Project("{FAE04EC0-301F-11D3-BF4B-00C04F79EFBC}") = "SmartBreadcrumbs", "SmartBreadcrumbs.csproj", "{6F1341AF-8576-4389-A9C5-AAD9F77192C2}"
EndProject
Project("{2150E333-8FDC-42A3-9474-1A3956D46DE8}") = "examples", "examples", "{E77107FF-CD37-4890-B905-FB817D3F18C1}"
EndProject
Project("{9A19103F-16F7-4668-BE54-9A1E7A4F7556}") = "RazorPagesAndMvc", "..\examples\RazorPagesAndMvc\RazorPagesAndMvc.csproj", "{B3F40D13-7404-4860-BC53-8BD945F73420}"
EndProject
Project("{2150E333-8FDC-42A3-9474-1A3956D46DE8}") = "tests", "tests", "{E7CAB1AA-9307-4BB5-80C4-4B4B22B7590E}"
EndProject
Project("{9A19103F-16F7-4668-BE54-9A1E7A4F7556}") = "SmartBreadcrumbs.UnitTests", "..\tests\SmartBreadcrumbs.UnitTests\SmartBreadcrumbs.UnitTests.csproj", "{02ED749A-A3F4-4850-BF4E-10B9ED663933}"
EndProject
Project("{2150E333-8FDC-42A3-9474-1A3956D46DE8}") = "src", "src", "{4687A2D8-234A-4E5C-860B-78F05C9B8A33}"
EndProject
Global
	GlobalSection(SolutionConfigurationPlatforms) = preSolution
		Debug|Any CPU = Debug|Any CPU
		Release|Any CPU = Release|Any CPU
	EndGlobalSection
	GlobalSection(ProjectConfigurationPlatforms) = postSolution
		{6F1341AF-8576-4389-A9C5-AAD9F77192C2}.Debug|Any CPU.ActiveCfg = Debug|Any CPU
		{6F1341AF-8576-4389-A9C5-AAD9F77192C2}.Debug|Any CPU.Build.0 = Debug|Any CPU
		{6F1341AF-8576-4389-A9C5-AAD9F77192C2}.Release|Any CPU.ActiveCfg = Release|Any CPU
		{6F1341AF-8576-4389-A9C5-AAD9F77192C2}.Release|Any CPU.Build.0 = Release|Any CPU
		{B3F40D13-7404-4860-BC53-8BD945F73420}.Debug|Any CPU.ActiveCfg = Debug|Any CPU
		{B3F40D13-7404-4860-BC53-8BD945F73420}.Debug|Any CPU.Build.0 = Debug|Any CPU
		{B3F40D13-7404-4860-BC53-8BD945F73420}.Release|Any CPU.ActiveCfg = Release|Any CPU
		{B3F40D13-7404-4860-BC53-8BD945F73420}.Release|Any CPU.Build.0 = Release|Any CPU
		{02ED749A-A3F4-4850-BF4E-10B9ED663933}.Debug|Any CPU.ActiveCfg = Debug|Any CPU
		{02ED749A-A3F4-4850-BF4E-10B9ED663933}.Debug|Any CPU.Build.0 = Debug|Any CPU
		{02ED749A-A3F4-4850-BF4E-10B9ED663933}.Release|Any CPU.ActiveCfg = Release|Any CPU
		{02ED749A-A3F4-4850-BF4E-10B9ED663933}.Release|Any CPU.Build.0 = Release|Any CPU
	EndGlobalSection
	GlobalSection(SolutionProperties) = preSolution
		HideSolutionNode = FALSE
	EndGlobalSection
	GlobalSection(NestedProjects) = preSolution
		{6F1341AF-8576-4389-A9C5-AAD9F77192C2} = {4687A2D8-234A-4E5C-860B-78F05C9B8A33}
		{B3F40D13-7404-4860-BC53-8BD945F73420} = {E77107FF-CD37-4890-B905-FB817D3F18C1}
		{02ED749A-A3F4-4850-BF4E-10B9ED663933} = {E7CAB1AA-9307-4BB5-80C4-4B4B22B7590E}
	EndGlobalSection
	GlobalSection(ExtensibilityGlobals) = postSolution
		SolutionGuid = {6E131B51-E586-4D2A-A0DE-A2FE4326C44C}
	EndGlobalSection
EndGlobal
